
Microsoft Visual Studio Solution File, Format Version 12.00
# Visual Studio 15
VisualStudioVersion = 15.0.28307.329
MinimumVisualStudioVersion = 10.0.40219.1
Project("{9A19103F-16F7-4668-BE54-9A1E7A4F7556}") = "CookBook", "CookBook\CookBook.csproj", "{076892B5-58A2-44AB-89C6-922F61C97992}"
EndProject
Project("{FAE04EC0-301F-11D3-BF4B-00C04F79EFBC}") = "CookBook.Tests", "CookBook.Tests\CookBook.Tests.csproj", "{906B9F99-5EA9-4C00-8479-9FDB6B18D3FC}"
EndProject
Global
	GlobalSection(SolutionConfigurationPlatforms) = preSolution
		Debug|Any CPU = Debug|Any CPU
		Release|Any CPU = Release|Any CPU
	EndGlobalSection
	GlobalSection(ProjectConfigurationPlatforms) = postSolution
		{076892B5-58A2-44AB-89C6-922F61C97992}.Debug|Any CPU.ActiveCfg = Debug|Any CPU
		{076892B5-58A2-44AB-89C6-922F61C97992}.Debug|Any CPU.Build.0 = Debug|Any CPU
		{076892B5-58A2-44AB-89C6-922F61C97992}.Release|Any CPU.ActiveCfg = Release|Any CPU
		{076892B5-58A2-44AB-89C6-922F61C97992}.Release|Any CPU.Build.0 = Release|Any CPU
		{906B9F99-5EA9-4C00-8479-9FDB6B18D3FC}.Debug|Any CPU.ActiveCfg = Debug|Any CPU
		{906B9F99-5EA9-4C00-8479-9FDB6B18D3FC}.Debug|Any CPU.Build.0 = Debug|Any CPU
		{906B9F99-5EA9-4C00-8479-9FDB6B18D3FC}.Release|Any CPU.ActiveCfg = Release|Any CPU
		{906B9F99-5EA9-4C00-8479-9FDB6B18D3FC}.Release|Any CPU.Build.0 = Release|Any CPU
	EndGlobalSection
	GlobalSection(SolutionProperties) = preSolution
		HideSolutionNode = FALSE
	EndGlobalSection
	GlobalSection(ExtensibilityGlobals) = postSolution
		SolutionGuid = {2578CB2B-E021-4D95-ADC7-060199640262}
	EndGlobalSection
EndGlobal
